// !$*UTF8*$!
{
	archiveVersion = 1;
	classes = {
	};
	objectVersion = 55;
	objects = {

/* Begin PBXBuildFile section */
		DCBB990A2829387300DB108D /* PaletteStore.swift in Sources */ = {isa = PBXBuildFile; fileRef = DCBB99092829387300DB108D /* PaletteStore.swift */; };
		DCBC53252829F5F400AC67E6 /* PaletteChooser.swift in Sources */ = {isa = PBXBuildFile; fileRef = DCBC53242829F5F400AC67E6 /* PaletteChooser.swift */; };
		DCBC5327282A8D3F00AC67E6 /* PaletteEditor.swift in Sources */ = {isa = PBXBuildFile; fileRef = DCBC5326282A8D3F00AC67E6 /* PaletteEditor.swift */; };
		DCBC5329282AA96D00AC67E6 /* PaletteManager.swift in Sources */ = {isa = PBXBuildFile; fileRef = DCBC5328282AA96D00AC67E6 /* PaletteManager.swift */; };
		DCC20B14282BD1BB00AF6B6C /* CloudKit.framework in Frameworks */ = {isa = PBXBuildFile; fileRef = DCC20B13282BD1BB00AF6B6C /* CloudKit.framework */; };
		DCEAAE6428262BF4005177B0 /* EmojiArtApp.swift in Sources */ = {isa = PBXBuildFile; fileRef = DCEAAE6328262BF4005177B0 /* EmojiArtApp.swift */; };
		DCEAAE6628262BF4005177B0 /* EmojiArtDoumentView.swift in Sources */ = {isa = PBXBuildFile; fileRef = DCEAAE6528262BF4005177B0 /* EmojiArtDoumentView.swift */; };
		DCEAAE6828262BF6005177B0 /* Assets.xcassets in Resources */ = {isa = PBXBuildFile; fileRef = DCEAAE6728262BF6005177B0 /* Assets.xcassets */; };
		DCEAAE6B28262BF6005177B0 /* Preview Assets.xcassets in Resources */ = {isa = PBXBuildFile; fileRef = DCEAAE6A28262BF6005177B0 /* Preview Assets.xcassets */; };
		DCEAAE7528262BF6005177B0 /* EmojiArtTests.swift in Sources */ = {isa = PBXBuildFile; fileRef = DCEAAE7428262BF6005177B0 /* EmojiArtTests.swift */; };
		DCEAAE7F28262BF6005177B0 /* EmojiArtUITests.swift in Sources */ = {isa = PBXBuildFile; fileRef = DCEAAE7E28262BF6005177B0 /* EmojiArtUITests.swift */; };
		DCEAAE8128262BF6005177B0 /* EmojiArtUITestsLaunchTests.swift in Sources */ = {isa = PBXBuildFile; fileRef = DCEAAE8028262BF6005177B0 /* EmojiArtUITestsLaunchTests.swift */; };
		DCEAAE9028262D9A005177B0 /* EmojiArtModel.swift in Sources */ = {isa = PBXBuildFile; fileRef = DCEAAE8F28262D9A005177B0 /* EmojiArtModel.swift */; };
		DCEAAE942826311A005177B0 /* EmojiArtModel.Background.swift in Sources */ = {isa = PBXBuildFile; fileRef = DCEAAE932826311A005177B0 /* EmojiArtModel.Background.swift */; };
		DCEAAE9628263211005177B0 /* EmojiArtDocument.swift in Sources */ = {isa = PBXBuildFile; fileRef = DCEAAE9528263211005177B0 /* EmojiArtDocument.swift */; };
		DCEAAE982826343F005177B0 /* UtilityExtensions.swift in Sources */ = {isa = PBXBuildFile; fileRef = DCEAAE972826343F005177B0 /* UtilityExtensions.swift */; };
		DCEAAE9A28269813005177B0 /* UtilityViews.swift in Sources */ = {isa = PBXBuildFile; fileRef = DCEAAE9928269813005177B0 /* UtilityViews.swift */; };
/* End PBXBuildFile section */

/* Begin PBXContainerItemProxy section */
		DCEAAE7128262BF6005177B0 /* PBXContainerItemProxy */ = {
			isa = PBXContainerItemProxy;
			containerPortal = DCEAAE5828262BF4005177B0 /* Project object */;
			proxyType = 1;
			remoteGlobalIDString = DCEAAE5F28262BF4005177B0;
			remoteInfo = EmojiArt;
		};
		DCEAAE7B28262BF6005177B0 /* PBXContainerItemProxy */ = {
			isa = PBXContainerItemProxy;
			containerPortal = DCEAAE5828262BF4005177B0 /* Project object */;
			proxyType = 1;
			remoteGlobalIDString = DCEAAE5F28262BF4005177B0;
			remoteInfo = EmojiArt;
		};
/* End PBXContainerItemProxy section */

/* Begin PBXFileReference section */
		DCBB99092829387300DB108D /* PaletteStore.swift */ = {isa = PBXFileReference; lastKnownFileType = sourcecode.swift; path = PaletteStore.swift; sourceTree = "<group>"; };
		DCBC53242829F5F400AC67E6 /* PaletteChooser.swift */ = {isa = PBXFileReference; lastKnownFileType = sourcecode.swift; path = PaletteChooser.swift; sourceTree = "<group>"; };
		DCBC5326282A8D3F00AC67E6 /* PaletteEditor.swift */ = {isa = PBXFileReference; lastKnownFileType = sourcecode.swift; path = PaletteEditor.swift; sourceTree = "<group>"; };
		DCBC5328282AA96D00AC67E6 /* PaletteManager.swift */ = {isa = PBXFileReference; lastKnownFileType = sourcecode.swift; path = PaletteManager.swift; sourceTree = "<group>"; };
		DCBE533A282D0F5900D9524A /* Info.plist */ = {isa = PBXFileReference; lastKnownFileType = text.plist; path = Info.plist; sourceTree = "<group>"; };
		DCC20B11282BD19E00AF6B6C /* EmojiArt.entitlements */ = {isa = PBXFileReference; lastKnownFileType = text.plist.entitlements; path = EmojiArt.entitlements; sourceTree = "<group>"; };
		DCC20B13282BD1BB00AF6B6C /* CloudKit.framework */ = {isa = PBXFileReference; lastKnownFileType = wrapper.framework; name = CloudKit.framework; path = System/Library/Frameworks/CloudKit.framework; sourceTree = SDKROOT; };
		DCEAAE6028262BF4005177B0 /* EmojiArt.app */ = {isa = PBXFileReference; explicitFileType = wrapper.application; includeInIndex = 0; path = EmojiArt.app; sourceTree = BUILT_PRODUCTS_DIR; };
		DCEAAE6328262BF4005177B0 /* EmojiArtApp.swift */ = {isa = PBXFileReference; lastKnownFileType = sourcecode.swift; path = EmojiArtApp.swift; sourceTree = "<group>"; };
		DCEAAE6528262BF4005177B0 /* EmojiArtDoumentView.swift */ = {isa = PBXFileReference; lastKnownFileType = sourcecode.swift; path = EmojiArtDoumentView.swift; sourceTree = "<group>"; };
		DCEAAE6728262BF6005177B0 /* Assets.xcassets */ = {isa = PBXFileReference; lastKnownFileType = folder.assetcatalog; path = Assets.xcassets; sourceTree = "<group>"; };
		DCEAAE6A28262BF6005177B0 /* Preview Assets.xcassets */ = {isa = PBXFileReference; lastKnownFileType = folder.assetcatalog; path = "Preview Assets.xcassets"; sourceTree = "<group>"; };
		DCEAAE7028262BF6005177B0 /* EmojiArtTests.xctest */ = {isa = PBXFileReference; explicitFileType = wrapper.cfbundle; includeInIndex = 0; path = EmojiArtTests.xctest; sourceTree = BUILT_PRODUCTS_DIR; };
		DCEAAE7428262BF6005177B0 /* EmojiArtTests.swift */ = {isa = PBXFileReference; lastKnownFileType = sourcecode.swift; path = EmojiArtTests.swift; sourceTree = "<group>"; };
		DCEAAE7A28262BF6005177B0 /* EmojiArtUITests.xctest */ = {isa = PBXFileReference; explicitFileType = wrapper.cfbundle; includeInIndex = 0; path = EmojiArtUITests.xctest; sourceTree = BUILT_PRODUCTS_DIR; };
		DCEAAE7E28262BF6005177B0 /* EmojiArtUITests.swift */ = {isa = PBXFileReference; lastKnownFileType = sourcecode.swift; path = EmojiArtUITests.swift; sourceTree = "<group>"; };
		DCEAAE8028262BF6005177B0 /* EmojiArtUITestsLaunchTests.swift */ = {isa = PBXFileReference; lastKnownFileType = sourcecode.swift; path = EmojiArtUITestsLaunchTests.swift; sourceTree = "<group>"; };
		DCEAAE8F28262D9A005177B0 /* EmojiArtModel.swift */ = {isa = PBXFileReference; lastKnownFileType = sourcecode.swift; path = EmojiArtModel.swift; sourceTree = "<group>"; };
		DCEAAE932826311A005177B0 /* EmojiArtModel.Background.swift */ = {isa = PBXFileReference; lastKnownFileType = sourcecode.swift; path = EmojiArtModel.Background.swift; sourceTree = "<group>"; };
		DCEAAE9528263211005177B0 /* EmojiArtDocument.swift */ = {isa = PBXFileReference; lastKnownFileType = sourcecode.swift; path = EmojiArtDocument.swift; sourceTree = "<group>"; };
		DCEAAE972826343F005177B0 /* UtilityExtensions.swift */ = {isa = PBXFileReference; lastKnownFileType = sourcecode.swift; path = UtilityExtensions.swift; sourceTree = "<group>"; };
		DCEAAE9928269813005177B0 /* UtilityViews.swift */ = {isa = PBXFileReference; lastKnownFileType = sourcecode.swift; path = UtilityViews.swift; sourceTree = "<group>"; };
/* End PBXFileReference section */

/* Begin PBXFrameworksBuildPhase section */
		DCEAAE5D28262BF4005177B0 /* Frameworks */ = {
			isa = PBXFrameworksBuildPhase;
			buildActionMask = 2147483647;
			files = (
				DCC20B14282BD1BB00AF6B6C /* CloudKit.framework in Frameworks */,
			);
			runOnlyForDeploymentPostprocessing = 0;
		};
		DCEAAE6D28262BF6005177B0 /* Frameworks */ = {
			isa = PBXFrameworksBuildPhase;
			buildActionMask = 2147483647;
			files = (
			);
			runOnlyForDeploymentPostprocessing = 0;
		};
		DCEAAE7728262BF6005177B0 /* Frameworks */ = {
			isa = PBXFrameworksBuildPhase;
			buildActionMask = 2147483647;
			files = (
			);
			runOnlyForDeploymentPostprocessing = 0;
		};
/* End PBXFrameworksBuildPhase section */

/* Begin PBXGroup section */
		DCC20B12282BD1BB00AF6B6C /* Frameworks */ = {
			isa = PBXGroup;
			children = (
				DCC20B13282BD1BB00AF6B6C /* CloudKit.framework */,
			);
			name = Frameworks;
			sourceTree = "<group>";
		};
		DCEAAE5728262BF4005177B0 = {
			isa = PBXGroup;
			children = (
				DCEAAE6228262BF4005177B0 /* EmojiArt */,
				DCEAAE7328262BF6005177B0 /* EmojiArtTests */,
				DCEAAE7D28262BF6005177B0 /* EmojiArtUITests */,
				DCEAAE6128262BF4005177B0 /* Products */,
				DCC20B12282BD1BB00AF6B6C /* Frameworks */,
			);
			sourceTree = "<group>";
		};
		DCEAAE6128262BF4005177B0 /* Products */ = {
			isa = PBXGroup;
			children = (
				DCEAAE6028262BF4005177B0 /* EmojiArt.app */,
				DCEAAE7028262BF6005177B0 /* EmojiArtTests.xctest */,
				DCEAAE7A28262BF6005177B0 /* EmojiArtUITests.xctest */,
			);
			name = Products;
			sourceTree = "<group>";
		};
		DCEAAE6228262BF4005177B0 /* EmojiArt */ = {
			isa = PBXGroup;
			children = (
				DCBE533A282D0F5900D9524A /* Info.plist */,
				DCC20B11282BD19E00AF6B6C /* EmojiArt.entitlements */,
				DCBC5328282AA96D00AC67E6 /* PaletteManager.swift */,
				DCBC5326282A8D3F00AC67E6 /* PaletteEditor.swift */,
				DCBC53242829F5F400AC67E6 /* PaletteChooser.swift */,
				DCBB99092829387300DB108D /* PaletteStore.swift */,
				DCEAAE9928269813005177B0 /* UtilityViews.swift */,
				DCEAAE6328262BF4005177B0 /* EmojiArtApp.swift */,
				DCEAAE6528262BF4005177B0 /* EmojiArtDoumentView.swift */,
				DCEAAE8F28262D9A005177B0 /* EmojiArtModel.swift */,
				DCEAAE932826311A005177B0 /* EmojiArtModel.Background.swift */,
				DCEAAE9528263211005177B0 /* EmojiArtDocument.swift */,
				DCEAAE972826343F005177B0 /* UtilityExtensions.swift */,
				DCEAAE6728262BF6005177B0 /* Assets.xcassets */,
				DCEAAE6928262BF6005177B0 /* Preview Content */,
			);
			path = EmojiArt;
			sourceTree = "<group>";
		};
		DCEAAE6928262BF6005177B0 /* Preview Content */ = {
			isa = PBXGroup;
			children = (
				DCEAAE6A28262BF6005177B0 /* Preview Assets.xcassets */,
			);
			path = "Preview Content";
			sourceTree = "<group>";
		};
		DCEAAE7328262BF6005177B0 /* EmojiArtTests */ = {
			isa = PBXGroup;
			children = (
				DCEAAE7428262BF6005177B0 /* EmojiArtTests.swift */,
			);
			path = EmojiArtTests;
			sourceTree = "<group>";
		};
		DCEAAE7D28262BF6005177B0 /* EmojiArtUITests */ = {
			isa = PBXGroup;
			children = (
				DCEAAE7E28262BF6005177B0 /* EmojiArtUITests.swift */,
				DCEAAE8028262BF6005177B0 /* EmojiArtUITestsLaunchTests.swift */,
			);
			path = EmojiArtUITests;
			sourceTree = "<group>";
		};
/* End PBXGroup section */

/* Begin PBXNativeTarget section */
		DCEAAE5F28262BF4005177B0 /* EmojiArt */ = {
			isa = PBXNativeTarget;
			buildConfigurationList = DCEAAE8428262BF6005177B0 /* Build configuration list for PBXNativeTarget "EmojiArt" */;
			buildPhases = (
				DCEAAE5C28262BF4005177B0 /* Sources */,
				DCEAAE5D28262BF4005177B0 /* Frameworks */,
				DCEAAE5E28262BF4005177B0 /* Resources */,
			);
			buildRules = (
			);
			dependencies = (
			);
			name = EmojiArt;
			productName = EmojiArt;
			productReference = DCEAAE6028262BF4005177B0 /* EmojiArt.app */;
			productType = "com.apple.product-type.application";
		};
		DCEAAE6F28262BF6005177B0 /* EmojiArtTests */ = {
			isa = PBXNativeTarget;
			buildConfigurationList = DCEAAE8728262BF6005177B0 /* Build configuration list for PBXNativeTarget "EmojiArtTests" */;
			buildPhases = (
				DCEAAE6C28262BF6005177B0 /* Sources */,
				DCEAAE6D28262BF6005177B0 /* Frameworks */,
				DCEAAE6E28262BF6005177B0 /* Resources */,
			);
			buildRules = (
			);
			dependencies = (
				DCEAAE7228262BF6005177B0 /* PBXTargetDependency */,
			);
			name = EmojiArtTests;
			productName = EmojiArtTests;
			productReference = DCEAAE7028262BF6005177B0 /* EmojiArtTests.xctest */;
			productType = "com.apple.product-type.bundle.unit-test";
		};
		DCEAAE7928262BF6005177B0 /* EmojiArtUITests */ = {
			isa = PBXNativeTarget;
			buildConfigurationList = DCEAAE8A28262BF6005177B0 /* Build configuration list for PBXNativeTarget "EmojiArtUITests" */;
			buildPhases = (
				DCEAAE7628262BF6005177B0 /* Sources */,
				DCEAAE7728262BF6005177B0 /* Frameworks */,
				DCEAAE7828262BF6005177B0 /* Resources */,
			);
			buildRules = (
			);
			dependencies = (
				DCEAAE7C28262BF6005177B0 /* PBXTargetDependency */,
			);
			name = EmojiArtUITests;
			productName = EmojiArtUITests;
			productReference = DCEAAE7A28262BF6005177B0 /* EmojiArtUITests.xctest */;
			productType = "com.apple.product-type.bundle.ui-testing";
		};
/* End PBXNativeTarget section */

/* Begin PBXProject section */
		DCEAAE5828262BF4005177B0 /* Project object */ = {
			isa = PBXProject;
			attributes = {
				BuildIndependentTargetsInParallel = 1;
				LastSwiftUpdateCheck = 1310;
				LastUpgradeCheck = 1310;
				TargetAttributes = {
					DCEAAE5F28262BF4005177B0 = {
						CreatedOnToolsVersion = 13.1;
					};
					DCEAAE6F28262BF6005177B0 = {
						CreatedOnToolsVersion = 13.1;
						TestTargetID = DCEAAE5F28262BF4005177B0;
					};
					DCEAAE7928262BF6005177B0 = {
						CreatedOnToolsVersion = 13.1;
						TestTargetID = DCEAAE5F28262BF4005177B0;
					};
				};
			};
			buildConfigurationList = DCEAAE5B28262BF4005177B0 /* Build configuration list for PBXProject "EmojiArt" */;
			compatibilityVersion = "Xcode 13.0";
			developmentRegion = en;
			hasScannedForEncodings = 0;
			knownRegions = (
				en,
				Base,
			);
			mainGroup = DCEAAE5728262BF4005177B0;
			productRefGroup = DCEAAE6128262BF4005177B0 /* Products */;
			projectDirPath = "";
			projectRoot = "";
			targets = (
				DCEAAE5F28262BF4005177B0 /* EmojiArt */,
				DCEAAE6F28262BF6005177B0 /* EmojiArtTests */,
				DCEAAE7928262BF6005177B0 /* EmojiArtUITests */,
			);
		};
/* End PBXProject section */

/* Begin PBXResourcesBuildPhase section */
		DCEAAE5E28262BF4005177B0 /* Resources */ = {
			isa = PBXResourcesBuildPhase;
			buildActionMask = 2147483647;
			files = (
				DCEAAE6B28262BF6005177B0 /* Preview Assets.xcassets in Resources */,
				DCEAAE6828262BF6005177B0 /* Assets.xcassets in Resources */,
			);
			runOnlyForDeploymentPostprocessing = 0;
		};
		DCEAAE6E28262BF6005177B0 /* Resources */ = {
			isa = PBXResourcesBuildPhase;
			buildActionMask = 2147483647;
			files = (
			);
			runOnlyForDeploymentPostprocessing = 0;
		};
		DCEAAE7828262BF6005177B0 /* Resources */ = {
			isa = PBXResourcesBuildPhase;
			buildActionMask = 2147483647;
			files = (
			);
			runOnlyForDeploymentPostprocessing = 0;
		};
/* End PBXResourcesBuildPhase section */

/* Begin PBXSourcesBuildPhase section */
		DCEAAE5C28262BF4005177B0 /* Sources */ = {
			isa = PBXSourcesBuildPhase;
			buildActionMask = 2147483647;
			files = (
				DCEAAE9A28269813005177B0 /* UtilityViews.swift in Sources */,
				DCBC5329282AA96D00AC67E6 /* PaletteManager.swift in Sources */,
				DCBB990A2829387300DB108D /* PaletteStore.swift in Sources */,
				DCBC5327282A8D3F00AC67E6 /* PaletteEditor.swift in Sources */,
				DCEAAE6628262BF4005177B0 /* EmojiArtDoumentView.swift in Sources */,
				DCEAAE6428262BF4005177B0 /* EmojiArtApp.swift in Sources */,
				DCEAAE982826343F005177B0 /* UtilityExtensions.swift in Sources */,
				DCEAAE9628263211005177B0 /* EmojiArtDocument.swift in Sources */,
				DCEAAE9028262D9A005177B0 /* EmojiArtModel.swift in Sources */,
				DCEAAE942826311A005177B0 /* EmojiArtModel.Background.swift in Sources */,
				DCBC53252829F5F400AC67E6 /* PaletteChooser.swift in Sources */,
			);
			runOnlyForDeploymentPostprocessing = 0;
		};
		DCEAAE6C28262BF6005177B0 /* Sources */ = {
			isa = PBXSourcesBuildPhase;
			buildActionMask = 2147483647;
			files = (
				DCEAAE7528262BF6005177B0 /* EmojiArtTests.swift in Sources */,
			);
			runOnlyForDeploymentPostprocessing = 0;
		};
		DCEAAE7628262BF6005177B0 /* Sources */ = {
			isa = PBXSourcesBuildPhase;
			buildActionMask = 2147483647;
			files = (
				DCEAAE8128262BF6005177B0 /* EmojiArtUITestsLaunchTests.swift in Sources */,
				DCEAAE7F28262BF6005177B0 /* EmojiArtUITests.swift in Sources */,
			);
			runOnlyForDeploymentPostprocessing = 0;
		};
/* End PBXSourcesBuildPhase section */

/* Begin PBXTargetDependency section */
		DCEAAE7228262BF6005177B0 /* PBXTargetDependency */ = {
			isa = PBXTargetDependency;
			target = DCEAAE5F28262BF4005177B0 /* EmojiArt */;
			targetProxy = DCEAAE7128262BF6005177B0 /* PBXContainerItemProxy */;
		};
		DCEAAE7C28262BF6005177B0 /* PBXTargetDependency */ = {
			isa = PBXTargetDependency;
			target = DCEAAE5F28262BF4005177B0 /* EmojiArt */;
			targetProxy = DCEAAE7B28262BF6005177B0 /* PBXContainerItemProxy */;
		};
/* End PBXTargetDependency section */

/* Begin XCBuildConfiguration section */
		DCEAAE8228262BF6005177B0 /* Debug */ = {
			isa = XCBuildConfiguration;
			buildSettings = {
				ALWAYS_SEARCH_USER_PATHS = NO;
				CLANG_ANALYZER_NONNULL = YES;
				CLANG_ANALYZER_NUMBER_OBJECT_CONVERSION = YES_AGGRESSIVE;
				CLANG_CXX_LANGUAGE_STANDARD = "gnu++17";
				CLANG_CXX_LIBRARY = "libc++";
				CLANG_ENABLE_MODULES = YES;
				CLANG_ENABLE_OBJC_ARC = YES;
				CLANG_ENABLE_OBJC_WEAK = YES;
				CLANG_WARN_BLOCK_CAPTURE_AUTORELEASING = YES;
				CLANG_WARN_BOOL_CONVERSION = YES;
				CLANG_WARN_COMMA = YES;
				CLANG_WARN_CONSTANT_CONVERSION = YES;
				CLANG_WARN_DEPRECATED_OBJC_IMPLEMENTATIONS = YES;
				CLANG_WARN_DIRECT_OBJC_ISA_USAGE = YES_ERROR;
				CLANG_WARN_DOCUMENTATION_COMMENTS = YES;
				CLANG_WARN_EMPTY_BODY = YES;
				CLANG_WARN_ENUM_CONVERSION = YES;
				CLANG_WARN_INFINITE_RECURSION = YES;
				CLANG_WARN_INT_CONVERSION = YES;
				CLANG_WARN_NON_LITERAL_NULL_CONVERSION = YES;
				CLANG_WARN_OBJC_IMPLICIT_RETAIN_SELF = YES;
				CLANG_WARN_OBJC_LITERAL_CONVERSION = YES;
				CLANG_WARN_OBJC_ROOT_CLASS = YES_ERROR;
				CLANG_WARN_QUOTED_INCLUDE_IN_FRAMEWORK_HEADER = YES;
				CLANG_WARN_RANGE_LOOP_ANALYSIS = YES;
				CLANG_WARN_STRICT_PROTOTYPES = YES;
				CLANG_WARN_SUSPICIOUS_MOVE = YES;
				CLANG_WARN_UNGUARDED_AVAILABILITY = YES_AGGRESSIVE;
				CLANG_WARN_UNREACHABLE_CODE = YES;
				CLANG_WARN__DUPLICATE_METHOD_MATCH = YES;
				COPY_PHASE_STRIP = NO;
				DEBUG_INFORMATION_FORMAT = dwarf;
				ENABLE_STRICT_OBJC_MSGSEND = YES;
				ENABLE_TESTABILITY = YES;
				GCC_C_LANGUAGE_STANDARD = gnu11;
				GCC_DYNAMIC_NO_PIC = NO;
				GCC_NO_COMMON_BLOCKS = YES;
				GCC_OPTIMIZATION_LEVEL = 0;
				GCC_PREPROCESSOR_DEFINITIONS = (
					"DEBUG=1",
					"$(inherited)",
				);
				GCC_WARN_64_TO_32_BIT_CONVERSION = YES;
				GCC_WARN_ABOUT_RETURN_TYPE = YES_ERROR;
				GCC_WARN_UNDECLARED_SELECTOR = YES;
				GCC_WARN_UNINITIALIZED_AUTOS = YES_AGGRESSIVE;
				GCC_WARN_UNUSED_FUNCTION = YES;
				GCC_WARN_UNUSED_VARIABLE = YES;
				IPHONEOS_DEPLOYMENT_TARGET = 15.0;
				MTL_ENABLE_DEBUG_INFO = INCLUDE_SOURCE;
				MTL_FAST_MATH = YES;
				ONLY_ACTIVE_ARCH = YES;
				SDKROOT = iphoneos;
				SWIFT_ACTIVE_COMPILATION_CONDITIONS = DEBUG;
				SWIFT_OPTIMIZATION_LEVEL = "-Onone";
			};
			name = Debug;
		};
		DCEAAE8328262BF6005177B0 /* Release */ = {
			isa = XCBuildConfiguration;
			buildSettings = {
				ALWAYS_SEARCH_USER_PATHS = NO;
				CLANG_ANALYZER_NONNULL = YES;
				CLANG_ANALYZER_NUMBER_OBJECT_CONVERSION = YES_AGGRESSIVE;
				CLANG_CXX_LANGUAGE_STANDARD = "gnu++17";
				CLANG_CXX_LIBRARY = "libc++";
				CLANG_ENABLE_MODULES = YES;
				CLANG_ENABLE_OBJC_ARC = YES;
				CLANG_ENABLE_OBJC_WEAK = YES;
				CLANG_WARN_BLOCK_CAPTURE_AUTORELEASING = YES;
				CLANG_WARN_BOOL_CONVERSION = YES;
				CLANG_WARN_COMMA = YES;
				CLANG_WARN_CONSTANT_CONVERSION = YES;
				CLANG_WARN_DEPRECATED_OBJC_IMPLEMENTATIONS = YES;
				CLANG_WARN_DIRECT_OBJC_ISA_USAGE = YES_ERROR;
				CLANG_WARN_DOCUMENTATION_COMMENTS = YES;
				CLANG_WARN_EMPTY_BODY = YES;
				CLANG_WARN_ENUM_CONVERSION = YES;
				CLANG_WARN_INFINITE_RECURSION = YES;
				CLANG_WARN_INT_CONVERSION = YES;
				CLANG_WARN_NON_LITERAL_NULL_CONVERSION = YES;
				CLANG_WARN_OBJC_IMPLICIT_RETAIN_SELF = YES;
				CLANG_WARN_OBJC_LITERAL_CONVERSION = YES;
				CLANG_WARN_OBJC_ROOT_CLASS = YES_ERROR;
				CLANG_WARN_QUOTED_INCLUDE_IN_FRAMEWORK_HEADER = YES;
				CLANG_WARN_RANGE_LOOP_ANALYSIS = YES;
				CLANG_WARN_STRICT_PROTOTYPES = YES;
				CLANG_WARN_SUSPICIOUS_MOVE = YES;
				CLANG_WARN_UNGUARDED_AVAILABILITY = YES_AGGRESSIVE;
				CLANG_WARN_UNREACHABLE_CODE = YES;
				CLANG_WARN__DUPLICATE_METHOD_MATCH = YES;
				COPY_PHASE_STRIP = NO;
				DEBUG_INFORMATION_FORMAT = "dwarf-with-dsym";
				ENABLE_NS_ASSERTIONS = NO;
				ENABLE_STRICT_OBJC_MSGSEND = YES;
				GCC_C_LANGUAGE_STANDARD = gnu11;
				GCC_NO_COMMON_BLOCKS = YES;
				GCC_WARN_64_TO_32_BIT_CONVERSION = YES;
				GCC_WARN_ABOUT_RETURN_TYPE = YES_ERROR;
				GCC_WARN_UNDECLARED_SELECTOR = YES;
				GCC_WARN_UNINITIALIZED_AUTOS = YES_AGGRESSIVE;
				GCC_WARN_UNUSED_FUNCTION = YES;
				GCC_WARN_UNUSED_VARIABLE = YES;
				IPHONEOS_DEPLOYMENT_TARGET = 15.0;
				MTL_ENABLE_DEBUG_INFO = NO;
				MTL_FAST_MATH = YES;
				SDKROOT = iphoneos;
				SWIFT_COMPILATION_MODE = wholemodule;
				SWIFT_OPTIMIZATION_LEVEL = "-O";
				VALIDATE_PRODUCT = YES;
			};
			name = Release;
		};
		DCEAAE8528262BF6005177B0 /* Debug */ = {
			isa = XCBuildConfiguration;
			buildSettings = {
				ASSETCATALOG_COMPILER_APPICON_NAME = "AppIcon-1";
				ASSETCATALOG_COMPILER_GLOBAL_ACCENT_COLOR_NAME = AccentColor;
				ASSETCATALOG_COMPILER_INCLUDE_ALL_APPICON_ASSETS = YES;
				CODE_SIGN_ENTITLEMENTS = EmojiArt/EmojiArt.entitlements;
				CODE_SIGN_STYLE = Automatic;
				CURRENT_PROJECT_VERSION = 1;
				DEVELOPMENT_ASSET_PATHS = "\"EmojiArt/Preview Content\"";
				DEVELOPMENT_TEAM = V45JYXD6JJ;
				ENABLE_PREVIEWS = YES;
				GENERATE_INFOPLIST_FILE = YES;
				INFOPLIST_FILE = EmojiArt/Info.plist;
				INFOPLIST_KEY_UIApplicationSceneManifest_Generation = YES;
				INFOPLIST_KEY_UIApplicationSupportsIndirectInputEvents = YES;
				INFOPLIST_KEY_UILaunchScreen_Generation = YES;
				INFOPLIST_KEY_UISupportedInterfaceOrientations_iPad = "UIInterfaceOrientationPortrait UIInterfaceOrientationPortraitUpsideDown UIInterfaceOrientationLandscapeLeft UIInterfaceOrientationLandscapeRight";
				INFOPLIST_KEY_UISupportedInterfaceOrientations_iPhone = "UIInterfaceOrientationPortrait UIInterfaceOrientationLandscapeLeft UIInterfaceOrientationLandscapeRight";
				LD_RUNPATH_SEARCH_PATHS = (
					"$(inherited)",
					"@executable_path/Frameworks",
				);
				MARKETING_VERSION = 1.0;
				PRODUCT_BUNDLE_IDENTIFIER = com.stephen.EmojiArt;
				PRODUCT_NAME = "$(TARGET_NAME)";
				SWIFT_EMIT_LOC_STRINGS = YES;
				SWIFT_VERSION = 5.0;
				TARGETED_DEVICE_FAMILY = "1,2";
			};
			name = Debug;
		};
		DCEAAE8628262BF6005177B0 /* Release */ = {
			isa = XCBuildConfiguration;
			buildSettings = {
				ASSETCATALOG_COMPILER_APPICON_NAME = "AppIcon-1";
				ASSETCATALOG_COMPILER_GLOBAL_ACCENT_COLOR_NAME = AccentColor;
				ASSETCATALOG_COMPILER_INCLUDE_ALL_APPICON_ASSETS = YES;
				CODE_SIGN_ENTITLEMENTS = EmojiArt/EmojiArt.entitlements;
				CODE_SIGN_STYLE = Automatic;
				CURRENT_PROJECT_VERSION = 1;
				DEVELOPMENT_ASSET_PATHS = "\"EmojiArt/Preview Content\"";
				DEVELOPMENT_TEAM = "";
				ENABLE_PREVIEWS = YES;
				GENERATE_INFOPLIST_FILE = YES;
				INFOPLIST_FILE = EmojiArt/Info.plist;
				INFOPLIST_KEY_UIApplicationSceneManifest_Generation = YES;
				INFOPLIST_KEY_UIApplicationSupportsIndirectInputEvents = YES;
				INFOPLIST_KEY_UILaunchScreen_Generation = YES;
				INFOPLIST_KEY_UISupportedInterfaceOrientations_iPad = "UIInterfaceOrientationPortrait UIInterfaceOrientationPortraitUpsideDown UIInterfaceOrientationLandscapeLeft UIInterfaceOrientationLandscapeRight";
				INFOPLIST_KEY_UISupportedInterfaceOrientations_iPhone = "UIInterfaceOrientationPortrait UIInterfaceOrientationLandscapeLeft UIInterfaceOrientationLandscapeRight";
				LD_RUNPATH_SEARCH_PATHS = (
					"$(inherited)",
					"@executable_path/Frameworks",
				);
				MARKETING_VERSION = 1.0;
				PRODUCT_BUNDLE_IDENTIFIER = com.stephen.EmojiArt;
				PRODUCT_NAME = "$(TARGET_NAME)";
				SWIFT_EMIT_LOC_STRINGS = YES;
				SWIFT_VERSION = 5.0;
				TARGETED_DEVICE_FAMILY = "1,2";
			};
			name = Release;
		};
		DCEAAE8828262BF6005177B0 /* Debug */ = {
			isa = XCBuildConfiguration;
			buildSettings = {
				ALWAYS_EMBED_SWIFT_STANDARD_LIBRARIES = YES;
				BUNDLE_LOADER = "$(TEST_HOST)";
				CODE_SIGN_STYLE = Automatic;
				CURRENT_PROJECT_VERSION = 1;
				GENERATE_INFOPLIST_FILE = YES;
				IPHONEOS_DEPLOYMENT_TARGET = 15.0;
				LD_RUNPATH_SEARCH_PATHS = (
					"$(inherited)",
					"@executable_path/Frameworks",
					"@loader_path/Frameworks",
				);
				MARKETING_VERSION = 1.0;
				PRODUCT_BUNDLE_IDENTIFIER = com.stephen.EmojiArtTests;
				PRODUCT_NAME = "$(TARGET_NAME)";
				SWIFT_EMIT_LOC_STRINGS = NO;
				SWIFT_VERSION = 5.0;
				TARGETED_DEVICE_FAMILY = "1,2";
				TEST_HOST = "$(BUILT_PRODUCTS_DIR)/EmojiArt.app/EmojiArt";
			};
			name = Debug;
		};
		DCEAAE8928262BF6005177B0 /* Release */ = {
			isa = XCBuildConfiguration;
			buildSettings = {
				ALWAYS_EMBED_SWIFT_STANDARD_LIBRARIES = YES;
				BUNDLE_LOADER = "$(TEST_HOST)";
				CODE_SIGN_STYLE = Automatic;
				CURRENT_PROJECT_VERSION = 1;
				GENERATE_INFOPLIST_FILE = YES;
				IPHONEOS_DEPLOYMENT_TARGET = 15.0;
				LD_RUNPATH_SEARCH_PATHS = (
					"$(inherited)",
					"@executable_path/Frameworks",
					"@loader_path/Frameworks",
				);
				MARKETING_VERSION = 1.0;
				PRODUCT_BUNDLE_IDENTIFIER = com.stephen.EmojiArtTests;
				PRODUCT_NAME = "$(TARGET_NAME)";
				SWIFT_EMIT_LOC_STRINGS = NO;
				SWIFT_VERSION = 5.0;
				TARGETED_DEVICE_FAMILY = "1,2";
				TEST_HOST = "$(BUILT_PRODUCTS_DIR)/EmojiArt.app/EmojiArt";
			};
			name = Release;
		};
		DCEAAE8B28262BF6005177B0 /* Debug */ = {
			isa = XCBuildConfiguration;
			buildSettings = {
				ALWAYS_EMBED_SWIFT_STANDARD_LIBRARIES = YES;
				CODE_SIGN_STYLE = Automatic;
				CURRENT_PROJECT_VERSION = 1;
				GENERATE_INFOPLIST_FILE = YES;
				LD_RUNPATH_SEARCH_PATHS = (
					"$(inherited)",
					"@executable_path/Frameworks",
					"@loader_path/Frameworks",
				);
				MARKETING_VERSION = 1.0;
				PRODUCT_BUNDLE_IDENTIFIER = com.stephen.EmojiArtUITests;
				PRODUCT_NAME = "$(TARGET_NAME)";
				SWIFT_EMIT_LOC_STRINGS = NO;
				SWIFT_VERSION = 5.0;
				TARGETED_DEVICE_FAMILY = "1,2";
				TEST_TARGET_NAME = EmojiArt;
			};
			name = Debug;
		};
		DCEAAE8C28262BF6005177B0 /* Release */ = {
			isa = XCBuildConfiguration;
			buildSettings = {
				ALWAYS_EMBED_SWIFT_STANDARD_LIBRARIES = YES;
				CODE_SIGN_STYLE = Automatic;
				CURRENT_PROJECT_VERSION = 1;
				GENERATE_INFOPLIST_FILE = YES;
				LD_RUNPATH_SEARCH_PATHS = (
					"$(inherited)",
					"@executable_path/Frameworks",
					"@loader_path/Frameworks",
				);
				MARKETING_VERSION = 1.0;
				PRODUCT_BUNDLE_IDENTIFIER = com.stephen.EmojiArtUITests;
				PRODUCT_NAME = "$(TARGET_NAME)";
				SWIFT_EMIT_LOC_STRINGS = NO;
				SWIFT_VERSION = 5.0;
				TARGETED_DEVICE_FAMILY = "1,2";
				TEST_TARGET_NAME = EmojiArt;
			};
			name = Release;
		};
/* End XCBuildConfiguration section */

/* Begin XCConfigurationList section */
		DCEAAE5B28262BF4005177B0 /* Build configuration list for PBXProject "EmojiArt" */ = {
			isa = XCConfigurationList;
			buildConfigurations = (
				DCEAAE8228262BF6005177B0 /* Debug */,
				DCEAAE8328262BF6005177B0 /* Release */,
			);
			defaultConfigurationIsVisible = 0;
			defaultConfigurationName = Release;
		};
		DCEAAE8428262BF6005177B0 /* Build configuration list for PBXNativeTarget "EmojiArt" */ = {
			isa = XCConfigurationList;
			buildConfigurations = (
				DCEAAE8528262BF6005177B0 /* Debug */,
				DCEAAE8628262BF6005177B0 /* Release */,
			);
			defaultConfigurationIsVisible = 0;
			defaultConfigurationName = Release;
		};
		DCEAAE8728262BF6005177B0 /* Build configuration list for PBXNativeTarget "EmojiArtTests" */ = {
			isa = XCConfigurationList;
			buildConfigurations = (
				DCEAAE8828262BF6005177B0 /* Debug */,
				DCEAAE8928262BF6005177B0 /* Release */,
			);
			defaultConfigurationIsVisible = 0;
			defaultConfigurationName = Release;
		};
		DCEAAE8A28262BF6005177B0 /* Build configuration list for PBXNativeTarget "EmojiArtUITests" */ = {
			isa = XCConfigurationList;
			buildConfigurations = (
				DCEAAE8B28262BF6005177B0 /* Debug */,
				DCEAAE8C28262BF6005177B0 /* Release */,
			);
			defaultConfigurationIsVisible = 0;
			defaultConfigurationName = Release;
		};
/* End XCConfigurationList section */
	};
	rootObject = DCEAAE5828262BF4005177B0 /* Project object */;
}
